
Microsoft Visual Studio Solution File, Format Version 12.00
Project("{FAE04EC0-301F-11D3-BF4B-00C04F79EFBC}") = "Laboratorna_9_1", "Laboratorna_9_1\Laboratorna_9_1.csproj", "{96470FCF-B65D-4DB3-B6D5-740421E782A4}"
EndProject
Project("{FAE04EC0-301F-11D3-BF4B-00C04F79EFBC}") = "Laboratorna_9_1.Tests", "Laboratorna_9_1.Tests\Laboratorna_9_1.Tests.csproj", "{F61958CF-3F6D-4F5F-8DC6-4D32E78F43E2}"
EndProject
Global
	GlobalSection(SolutionConfigurationPlatforms) = preSolution
		Debug|Any CPU = Debug|Any CPU
		Release|Any CPU = Release|Any CPU
	EndGlobalSection
	GlobalSection(ProjectConfigurationPlatforms) = postSolution
		{96470FCF-B65D-4DB3-B6D5-740421E782A4}.Debug|Any CPU.ActiveCfg = Debug|Any CPU
		{96470FCF-B65D-4DB3-B6D5-740421E782A4}.Debug|Any CPU.Build.0 = Debug|Any CPU
		{96470FCF-B65D-4DB3-B6D5-740421E782A4}.Release|Any CPU.ActiveCfg = Release|Any CPU
		{96470FCF-B65D-4DB3-B6D5-740421E782A4}.Release|Any CPU.Build.0 = Release|Any CPU
		{F61958CF-3F6D-4F5F-8DC6-4D32E78F43E2}.Debug|Any CPU.ActiveCfg = Debug|Any CPU
		{F61958CF-3F6D-4F5F-8DC6-4D32E78F43E2}.Debug|Any CPU.Build.0 = Debug|Any CPU
		{F61958CF-3F6D-4F5F-8DC6-4D32E78F43E2}.Release|Any CPU.ActiveCfg = Release|Any CPU
		{F61958CF-3F6D-4F5F-8DC6-4D32E78F43E2}.Release|Any CPU.Build.0 = Release|Any CPU
	EndGlobalSection
EndGlobal
